github.com/bugoio/bugo-mod-article v0.0.0-20191006223219-574994ec76ed h1:ZmqmyxUbgGwCm1uF9i29mYCrXkOAwAuV+3IAHYDVhzQ=
github.com/bugoio/bugo-mod-article v0.0.0-20191006223219-574994ec76ed/go.mod h1:B7BW3J5B7ecDc38P5tHDeQvYNzCZKG1EvJda7W1tIro=
github.com/bugoio/bugo-mod-article v0.0.3/go.mod h1:B7BW3J5B7ecDc38P5tHDeQvYNzCZKG1EvJda7W1tIro=
github.com/bugoio/bugo-sass-utilities v0.0.6 h1:hcvrupHpuco75XWs3zjGtxJZmWTDBV/WrZcaGEYOK+Q=
github.com/bugoio/bugo-sass-utilities v0.0.6/go.mod h1:0tVnrsnCG61j64fUv88di5gpYw5/3fgqdQB4iUOjook=
